
Microsoft Visual Studio Solution File, Format Version 11.00
# Visual Studio 2010
Project("{FAE04EC0-301F-11D3-BF4B-00C04F79EFBC}") = "wxr.net", "wxr.net\wxr.net.csproj", "{5BC3E195-4550-4FC4-803C-6A357B9CA66C}"
EndProject
Global
	GlobalSection(SolutionConfigurationPlatforms) = preSolution
		Debug|Any CPU = Debug|Any CPU
		Release|Any CPU = Release|Any CPU
	EndGlobalSection
	GlobalSection(ProjectConfigurationPlatforms) = postSolution
		{5BC3E195-4550-4FC4-803C-6A357B9CA66C}.Debug|Any CPU.ActiveCfg = Debug|Any CPU
		{5BC3E195-4550-4FC4-803C-6A357B9CA66C}.Debug|Any CPU.Build.0 = Debug|Any CPU
		{5BC3E195-4550-4FC4-803C-6A357B9CA66C}.Release|Any CPU.ActiveCfg = Release|Any CPU
		{5BC3E195-4550-4FC4-803C-6A357B9CA66C}.Release|Any CPU.Build.0 = Release|Any CPU
	EndGlobalSection
	GlobalSection(SolutionProperties) = preSolution
		HideSolutionNode = FALSE
	EndGlobalSection
EndGlobal
